
Microsoft Visual Studio Solution File, Format Version 12.00
Project("{FAE04EC0-301F-11D3-BF4B-00C04F79EFBC}") = "Battleship", "Battleship\Battleship.csproj", "{99540B88-B032-4A49-A87D-4B8C8D661A8A}"
EndProject
Global
	GlobalSection(SolutionConfigurationPlatforms) = preSolution
		Debug|Any CPU = Debug|Any CPU
		Release|Any CPU = Release|Any CPU
	EndGlobalSection
	GlobalSection(ProjectConfigurationPlatforms) = postSolution
		{99540B88-B032-4A49-A87D-4B8C8D661A8A}.Debug|Any CPU.ActiveCfg = Debug|Any CPU
		{99540B88-B032-4A49-A87D-4B8C8D661A8A}.Debug|Any CPU.Build.0 = Debug|Any CPU
		{99540B88-B032-4A49-A87D-4B8C8D661A8A}.Release|Any CPU.ActiveCfg = Release|Any CPU
		{99540B88-B032-4A49-A87D-4B8C8D661A8A}.Release|Any CPU.Build.0 = Release|Any CPU
	EndGlobalSection
EndGlobal
